{
    "packages": [
        {
            "name": "dex/root-dependency",
            "version": "1.0.0"
        },
        {
            "name": "dex/fake",
            "version": "1.0.0"
        },
        {
            "name": "dex/transitive-dependency",
            "version": "1.0.0"
        }
    ],
    "packages-dev": []
}
